
Microsoft Visual Studio Solution File, Format Version 12.00
# Visual Studio Version 17
VisualStudioVersion = 17.10.35013.160
MinimumVisualStudioVersion = 10.0.40219.1
Project("{FAE04EC0-301F-11D3-BF4B-00C04F79EFBC}") = "Protocols", "Protocols\Protocols.csproj", "{93C66262-17AE-497A-9771-DDFC914E53D4}"
EndProject
Project("{2150E333-8FDC-42A3-9474-1A3956D46DE8}") = "Files", "Files", "{0140F64D-AC66-400A-80DC-77B60BCCB1CF}"
	ProjectSection(SolutionItems) = preProject
		.gitignore = .gitignore
		README.md = README.md
	EndProjectSection
EndProject
Project("{FAE04EC0-301F-11D3-BF4B-00C04F79EFBC}") = "TestProtocol", "TestProtocol\TestProtocol.csproj", "{C0A918AC-3962-43C9-B5AA-536A51992E14}"
EndProject
Global
	GlobalSection(SolutionConfigurationPlatforms) = preSolution
		Debug|Any CPU = Debug|Any CPU
		Release|Any CPU = Release|Any CPU
	EndGlobalSection
	GlobalSection(ProjectConfigurationPlatforms) = postSolution
		{93C66262-17AE-497A-9771-DDFC914E53D4}.Debug|Any CPU.ActiveCfg = Debug|Any CPU
		{93C66262-17AE-497A-9771-DDFC914E53D4}.Debug|Any CPU.Build.0 = Debug|Any CPU
		{93C66262-17AE-497A-9771-DDFC914E53D4}.Release|Any CPU.ActiveCfg = Release|Any CPU
		{93C66262-17AE-497A-9771-DDFC914E53D4}.Release|Any CPU.Build.0 = Release|Any CPU
		{C0A918AC-3962-43C9-B5AA-536A51992E14}.Debug|Any CPU.ActiveCfg = Debug|Any CPU
		{C0A918AC-3962-43C9-B5AA-536A51992E14}.Debug|Any CPU.Build.0 = Debug|Any CPU
		{C0A918AC-3962-43C9-B5AA-536A51992E14}.Release|Any CPU.ActiveCfg = Release|Any CPU
		{C0A918AC-3962-43C9-B5AA-536A51992E14}.Release|Any CPU.Build.0 = Release|Any CPU
	EndGlobalSection
	GlobalSection(SolutionProperties) = preSolution
		HideSolutionNode = FALSE
	EndGlobalSection
	GlobalSection(ExtensibilityGlobals) = postSolution
		SolutionGuid = {4920EAA4-3612-4E9F-A49E-0D4346A772A4}
	EndGlobalSection
EndGlobal
