
Microsoft Visual Studio Solution File, Format Version 12.00
# Visual Studio Version 17
VisualStudioVersion = 17.11.35208.52
MinimumVisualStudioVersion = 10.0.40219.1
Project("{9A19103F-16F7-4668-BE54-9A1E7A4F7556}") = "Protocols", "Protocols\Protocols.csproj", "{4A26F199-932C-4066-8823-9F7B0D80C832}"
EndProject
Project("{9A19103F-16F7-4668-BE54-9A1E7A4F7556}") = "TestProtocol", "TestProtocol\TestProtocol.csproj", "{9EDA2684-8D58-4C55-8871-69A8DF19CE76}"
EndProject
Project("{2150E333-8FDC-42A3-9474-1A3956D46DE8}") = "Files", "Files", "{B0564780-29C3-400F-9973-44B27DC1DDB3}"
	ProjectSection(SolutionItems) = preProject
		.gitignore = .gitignore
		LICENSE.txt = LICENSE.txt
		README.md = README.md
	EndProjectSection
EndProject
Global
	GlobalSection(SolutionConfigurationPlatforms) = preSolution
		Debug|Any CPU = Debug|Any CPU
		Release|Any CPU = Release|Any CPU
	EndGlobalSection
	GlobalSection(ProjectConfigurationPlatforms) = postSolution
		{4A26F199-932C-4066-8823-9F7B0D80C832}.Debug|Any CPU.ActiveCfg = Debug|Any CPU
		{4A26F199-932C-4066-8823-9F7B0D80C832}.Debug|Any CPU.Build.0 = Debug|Any CPU
		{4A26F199-932C-4066-8823-9F7B0D80C832}.Release|Any CPU.ActiveCfg = Release|Any CPU
		{4A26F199-932C-4066-8823-9F7B0D80C832}.Release|Any CPU.Build.0 = Release|Any CPU
		{9EDA2684-8D58-4C55-8871-69A8DF19CE76}.Debug|Any CPU.ActiveCfg = Debug|Any CPU
		{9EDA2684-8D58-4C55-8871-69A8DF19CE76}.Debug|Any CPU.Build.0 = Debug|Any CPU
		{9EDA2684-8D58-4C55-8871-69A8DF19CE76}.Release|Any CPU.ActiveCfg = Release|Any CPU
		{9EDA2684-8D58-4C55-8871-69A8DF19CE76}.Release|Any CPU.Build.0 = Release|Any CPU
	EndGlobalSection
	GlobalSection(SolutionProperties) = preSolution
		HideSolutionNode = FALSE
	EndGlobalSection
	GlobalSection(ExtensibilityGlobals) = postSolution
		SolutionGuid = {91AF539E-7421-47A9-8DF7-1AE1B51D7918}
	EndGlobalSection
EndGlobal
